
Microsoft Visual Studio Solution File, Format Version 12.00
# Visual Studio Version 16
VisualStudioVersion = 16.0.32630.194
MinimumVisualStudioVersion = 10.0.40219.1
Project("{FAE04EC0-301F-11D3-BF4B-00C04F79EFBC}") = "NirvanaMarketingInfluencer", "NirvanaInfluencerMarketing\NirvanaMarketingInfluencer.csproj", "{498DCE4C-7E84-4392-A8E1-62EBF74E8427}"
EndProject
Global
	GlobalSection(SolutionConfigurationPlatforms) = preSolution
		Debug|Any CPU = Debug|Any CPU
		Release|Any CPU = Release|Any CPU
	EndGlobalSection
	GlobalSection(ProjectConfigurationPlatforms) = postSolution
		{498DCE4C-7E84-4392-A8E1-62EBF74E8427}.Debug|Any CPU.ActiveCfg = Debug|Any CPU
		{498DCE4C-7E84-4392-A8E1-62EBF74E8427}.Debug|Any CPU.Build.0 = Debug|Any CPU
		{498DCE4C-7E84-4392-A8E1-62EBF74E8427}.Release|Any CPU.ActiveCfg = Release|Any CPU
		{498DCE4C-7E84-4392-A8E1-62EBF74E8427}.Release|Any CPU.Build.0 = Release|Any CPU
	EndGlobalSection
	GlobalSection(SolutionProperties) = preSolution
		HideSolutionNode = FALSE
	EndGlobalSection
	GlobalSection(ExtensibilityGlobals) = postSolution
		SolutionGuid = {19E1DF0B-EC15-4831-9299-27B8AE31877B}
	EndGlobalSection
EndGlobal
